
Microsoft Visual Studio Solution File, Format Version 12.00
# Visual Studio Version 17
VisualStudioVersion = 17.8.34330.188
MinimumVisualStudioVersion = 10.0.40219.1
Project("{FAE04EC0-301F-11D3-BF4B-00C04F79EFBC}") = "ConsolePOOPessoa", "ConsolePOOPessoa.csproj", "{8FD23890-74DA-45FF-8F7E-3617F6FA9F36}"
EndProject
Global
	GlobalSection(SolutionConfigurationPlatforms) = preSolution
		Debug|Any CPU = Debug|Any CPU
		Release|Any CPU = Release|Any CPU
	EndGlobalSection
	GlobalSection(ProjectConfigurationPlatforms) = postSolution
		{8FD23890-74DA-45FF-8F7E-3617F6FA9F36}.Debug|Any CPU.ActiveCfg = Debug|Any CPU
		{8FD23890-74DA-45FF-8F7E-3617F6FA9F36}.Debug|Any CPU.Build.0 = Debug|Any CPU
		{8FD23890-74DA-45FF-8F7E-3617F6FA9F36}.Release|Any CPU.ActiveCfg = Release|Any CPU
		{8FD23890-74DA-45FF-8F7E-3617F6FA9F36}.Release|Any CPU.Build.0 = Release|Any CPU
	EndGlobalSection
	GlobalSection(SolutionProperties) = preSolution
		HideSolutionNode = FALSE
	EndGlobalSection
	GlobalSection(ExtensibilityGlobals) = postSolution
		SolutionGuid = {D98F4059-64F1-4F98-8485-315C761ED3C7}
	EndGlobalSection
EndGlobal
